
Microsoft Visual Studio Solution File, Format Version 12.00
# Visual Studio Version 17
VisualStudioVersion = 17.0.31903.59
MinimumVisualStudioVersion = 10.0.40219.1
Project("{9A19103F-16F7-4668-BE54-9A1E7A4F7556}") = "BlazorBffEntraExternalID.Server", "Server\BlazorBffEntraExternalID.Server.csproj", "{4293A367-BD4A-4635-80F8-39E38BBD3261}"
EndProject
Project("{9A19103F-16F7-4668-BE54-9A1E7A4F7556}") = "BlazorBffEntraExternalID.Shared", "Shared\BlazorBffEntraExternalID.Shared.csproj", "{A0AF9158-359D-4BFB-B1BB-72F212FD66F3}"
EndProject
Project("{9A19103F-16F7-4668-BE54-9A1E7A4F7556}") = "BlazorBffEntraExternalID.Client", "Client\BlazorBffEntraExternalID.Client.csproj", "{F8732E1C-1A9D-4E5E-8EA9-333E328EEFC4}"
EndProject
Global
	GlobalSection(SolutionConfigurationPlatforms) = preSolution
		Debug|Any CPU = Debug|Any CPU
		Release|Any CPU = Release|Any CPU
	EndGlobalSection
	GlobalSection(ProjectConfigurationPlatforms) = postSolution
		{4293A367-BD4A-4635-80F8-39E38BBD3261}.Debug|Any CPU.ActiveCfg = Debug|Any CPU
		{4293A367-BD4A-4635-80F8-39E38BBD3261}.Debug|Any CPU.Build.0 = Debug|Any CPU
		{4293A367-BD4A-4635-80F8-39E38BBD3261}.Release|Any CPU.ActiveCfg = Release|Any CPU
		{4293A367-BD4A-4635-80F8-39E38BBD3261}.Release|Any CPU.Build.0 = Release|Any CPU
		{A0AF9158-359D-4BFB-B1BB-72F212FD66F3}.Debug|Any CPU.ActiveCfg = Debug|Any CPU
		{A0AF9158-359D-4BFB-B1BB-72F212FD66F3}.Debug|Any CPU.Build.0 = Debug|Any CPU
		{A0AF9158-359D-4BFB-B1BB-72F212FD66F3}.Release|Any CPU.ActiveCfg = Release|Any CPU
		{A0AF9158-359D-4BFB-B1BB-72F212FD66F3}.Release|Any CPU.Build.0 = Release|Any CPU
		{F8732E1C-1A9D-4E5E-8EA9-333E328EEFC4}.Debug|Any CPU.ActiveCfg = Debug|Any CPU
		{F8732E1C-1A9D-4E5E-8EA9-333E328EEFC4}.Debug|Any CPU.Build.0 = Debug|Any CPU
		{F8732E1C-1A9D-4E5E-8EA9-333E328EEFC4}.Release|Any CPU.ActiveCfg = Release|Any CPU
		{F8732E1C-1A9D-4E5E-8EA9-333E328EEFC4}.Release|Any CPU.Build.0 = Release|Any CPU
	EndGlobalSection
	GlobalSection(SolutionProperties) = preSolution
		HideSolutionNode = FALSE
	EndGlobalSection
	GlobalSection(ExtensibilityGlobals) = postSolution
		SolutionGuid = {6DBF8473-06FC-43AF-A14F-41F17AB93C7E}
	EndGlobalSection
EndGlobal
